{
  "name": "@currenthealth/cordova-plugin-background-mode",
  "version": "0.8.0",
  "lockfileVersion": 3,
  "requires": true,
  "packages": {
    "": {
      "name": "@currenthealth/cordova-plugin-background-mode",
      "version": "0.8.0",
      "engines": [
        {
          "name": "cordova",
          "version": ">=3.0.0"
        },
        {
          "name": "android-sdk",
          "version": ">=16"
        }
      ],
      "license": "Apache 2.0"
    }
  }
}
